
Microsoft Visual Studio Solution File, Format Version 12.00
# Visual Studio 15
VisualStudioVersion = 15.0.27004.2005
MinimumVisualStudioVersion = 10.0.40219.1
Project("{FAE04EC0-301F-11D3-BF4B-00C04F79EFBC}") = "Kalkulator_MVVM", "Kalkulator_MVVM\Kalkulator_MVVM.csproj", "{9283210F-A390-4CC4-9754-102A6573F90B}"
EndProject
Global
	GlobalSection(SolutionConfigurationPlatforms) = preSolution
		Debug|Any CPU = Debug|Any CPU
		Release|Any CPU = Release|Any CPU
	EndGlobalSection
	GlobalSection(ProjectConfigurationPlatforms) = postSolution
		{9283210F-A390-4CC4-9754-102A6573F90B}.Debug|Any CPU.ActiveCfg = Debug|Any CPU
		{9283210F-A390-4CC4-9754-102A6573F90B}.Debug|Any CPU.Build.0 = Debug|Any CPU
		{9283210F-A390-4CC4-9754-102A6573F90B}.Release|Any CPU.ActiveCfg = Release|Any CPU
		{9283210F-A390-4CC4-9754-102A6573F90B}.Release|Any CPU.Build.0 = Release|Any CPU
	EndGlobalSection
	GlobalSection(SolutionProperties) = preSolution
		HideSolutionNode = FALSE
	EndGlobalSection
	GlobalSection(ExtensibilityGlobals) = postSolution
		SolutionGuid = {09986DB1-7C29-4C39-93D4-BE135F93F7F5}
	EndGlobalSection
EndGlobal
